
Microsoft Visual Studio Solution File, Format Version 12.00
# Visual Studio Version 17
VisualStudioVersion = 17.2.32616.157
MinimumVisualStudioVersion = 10.0.40219.1
Project("{9A19103F-16F7-4668-BE54-9A1E7A4F7556}") = "ProductsAPI", "ProductsAPI.csproj", "{C56FD490-6B1A-460D-9D58-2C6AF2BCFBAF}"
EndProject
Project("{FAE04EC0-301F-11D3-BF4B-00C04F79EFBC}") = "TestProductAPI", "..\TestProductAPI\TestProductAPI.csproj", "{EF988AD7-87B7-485D-9C04-BBED8C099798}"
EndProject
Global
	GlobalSection(SolutionConfigurationPlatforms) = preSolution
		Debug|Any CPU = Debug|Any CPU
		Release|Any CPU = Release|Any CPU
	EndGlobalSection
	GlobalSection(ProjectConfigurationPlatforms) = postSolution
		{C56FD490-6B1A-460D-9D58-2C6AF2BCFBAF}.Debug|Any CPU.ActiveCfg = Debug|Any CPU
		{C56FD490-6B1A-460D-9D58-2C6AF2BCFBAF}.Debug|Any CPU.Build.0 = Debug|Any CPU
		{C56FD490-6B1A-460D-9D58-2C6AF2BCFBAF}.Release|Any CPU.ActiveCfg = Release|Any CPU
		{C56FD490-6B1A-460D-9D58-2C6AF2BCFBAF}.Release|Any CPU.Build.0 = Release|Any CPU
		{EF988AD7-87B7-485D-9C04-BBED8C099798}.Debug|Any CPU.ActiveCfg = Debug|Any CPU
		{EF988AD7-87B7-485D-9C04-BBED8C099798}.Debug|Any CPU.Build.0 = Debug|Any CPU
		{EF988AD7-87B7-485D-9C04-BBED8C099798}.Release|Any CPU.ActiveCfg = Release|Any CPU
		{EF988AD7-87B7-485D-9C04-BBED8C099798}.Release|Any CPU.Build.0 = Release|Any CPU
	EndGlobalSection
	GlobalSection(SolutionProperties) = preSolution
		HideSolutionNode = FALSE
	EndGlobalSection
	GlobalSection(ExtensibilityGlobals) = postSolution
		SolutionGuid = {86DBD3BA-F222-414A-A7E1-2B2F014B4C67}
	EndGlobalSection
EndGlobal
